// !$*UTF8*$!
{
	archiveVersion = 1;
	classes = {
	};
	objectVersion = 50;
	objects = {

/* Begin PBXBuildFile section */
		16B13AAB22AF993600B21343 /* AppDelegate.swift in Sources */ = {isa = PBXBuildFile; fileRef = 16B13AAA22AF993600B21343 /* AppDelegate.swift */; };
		16B13AAD22AF993600B21343 /* ViewController.swift in Sources */ = {isa = PBXBuildFile; fileRef = 16B13AAC22AF993600B21343 /* ViewController.swift */; };
		16B13AB022AF993600B21343 /* Main.storyboard in Resources */ = {isa = PBXBuildFile; fileRef = 16B13AAE22AF993600B21343 /* Main.storyboard */; };
		16B13AB222AF993700B21343 /* Assets.xcassets in Resources */ = {isa = PBXBuildFile; fileRef = 16B13AB122AF993700B21343 /* Assets.xcassets */; };
		16B13AB522AF993700B21343 /* LaunchScreen.storyboard in Resources */ = {isa = PBXBuildFile; fileRef = 16B13AB322AF993700B21343 /* LaunchScreen.storyboard */; };
		16B13AC022AF993700B21343 /* MVCDemoAppTests.swift in Sources */ = {isa = PBXBuildFile; fileRef = 16B13ABF22AF993700B21343 /* MVCDemoAppTests.swift */; };
		16B13ACB22AF993700B21343 /* MVCDemoAppUITests.swift in Sources */ = {isa = PBXBuildFile; fileRef = 16B13ACA22AF993700B21343 /* MVCDemoAppUITests.swift */; };
		16B13ADC22AF9E2700B21343 /* User.swift in Sources */ = {isa = PBXBuildFile; fileRef = 16B13ADB22AF9E2700B21343 /* User.swift */; };
		16B13ADE22AFA05D00B21343 /* VCPresenter.swift in Sources */ = {isa = PBXBuildFile; fileRef = 16B13ADD22AFA05D00B21343 /* VCPresenter.swift */; };
/* End PBXBuildFile section */

/* Begin PBXContainerItemProxy section */
		16B13ABC22AF993700B21343 /* PBXContainerItemProxy */ = {
			isa = PBXContainerItemProxy;
			containerPortal = 16B13A9F22AF993600B21343 /* Project object */;
			proxyType = 1;
			remoteGlobalIDString = 16B13AA622AF993600B21343;
			remoteInfo = MVCDemoApp;
		};
		16B13AC722AF993700B21343 /* PBXContainerItemProxy */ = {
			isa = PBXContainerItemProxy;
			containerPortal = 16B13A9F22AF993600B21343 /* Project object */;
			proxyType = 1;
			remoteGlobalIDString = 16B13AA622AF993600B21343;
			remoteInfo = MVCDemoApp;
		};
/* End PBXContainerItemProxy section */

/* Begin PBXFileReference section */
		16B13AA722AF993600B21343 /* MVCDemoApp.app */ = {isa = PBXFileReference; explicitFileType = wrapper.application; includeInIndex = 0; path = MVCDemoApp.app; sourceTree = BUILT_PRODUCTS_DIR; };
		16B13AAA22AF993600B21343 /* AppDelegate.swift */ = {isa = PBXFileReference; lastKnownFileType = sourcecode.swift; path = AppDelegate.swift; sourceTree = "<group>"; };
		16B13AAC22AF993600B21343 /* ViewController.swift */ = {isa = PBXFileReference; lastKnownFileType = sourcecode.swift; path = ViewController.swift; sourceTree = "<group>"; };
		16B13AAF22AF993600B21343 /* Base */ = {isa = PBXFileReference; lastKnownFileType = file.storyboard; name = Base; path = Base.lproj/Main.storyboard; sourceTree = "<group>"; };
		16B13AB122AF993700B21343 /* Assets.xcassets */ = {isa = PBXFileReference; lastKnownFileType = folder.assetcatalog; path = Assets.xcassets; sourceTree = "<group>"; };
		16B13AB422AF993700B21343 /* Base */ = {isa = PBXFileReference; lastKnownFileType = file.storyboard; name = Base; path = Base.lproj/LaunchScreen.storyboard; sourceTree = "<group>"; };
		16B13AB622AF993700B21343 /* Info.plist */ = {isa = PBXFileReference; lastKnownFileType = text.plist.xml; path = Info.plist; sourceTree = "<group>"; };
		16B13ABB22AF993700B21343 /* MVCDemoAppTests.xctest */ = {isa = PBXFileReference; explicitFileType = wrapper.cfbundle; includeInIndex = 0; path = MVCDemoAppTests.xctest; sourceTree = BUILT_PRODUCTS_DIR; };
		16B13ABF22AF993700B21343 /* MVCDemoAppTests.swift */ = {isa = PBXFileReference; lastKnownFileType = sourcecode.swift; path = MVCDemoAppTests.swift; sourceTree = "<group>"; };
		16B13AC122AF993700B21343 /* Info.plist */ = {isa = PBXFileReference; lastKnownFileType = text.plist.xml; path = Info.plist; sourceTree = "<group>"; };
		16B13AC622AF993700B21343 /* MVCDemoAppUITests.xctest */ = {isa = PBXFileReference; explicitFileType = wrapper.cfbundle; includeInIndex = 0; path = MVCDemoAppUITests.xctest; sourceTree = BUILT_PRODUCTS_DIR; };
		16B13ACA22AF993700B21343 /* MVCDemoAppUITests.swift */ = {isa = PBXFileReference; lastKnownFileType = sourcecode.swift; path = MVCDemoAppUITests.swift; sourceTree = "<group>"; };
		16B13ACC22AF993700B21343 /* Info.plist */ = {isa = PBXFileReference; lastKnownFileType = text.plist.xml; path = Info.plist; sourceTree = "<group>"; };
		16B13ADB22AF9E2700B21343 /* User.swift */ = {isa = PBXFileReference; lastKnownFileType = sourcecode.swift; path = User.swift; sourceTree = "<group>"; };
		16B13ADD22AFA05D00B21343 /* VCPresenter.swift */ = {isa = PBXFileReference; lastKnownFileType = sourcecode.swift; path = VCPresenter.swift; sourceTree = "<group>"; };
/* End PBXFileReference section */

/* Begin PBXFrameworksBuildPhase section */
		16B13AA422AF993600B21343 /* Frameworks */ = {
			isa = PBXFrameworksBuildPhase;
			buildActionMask = 2147483647;
			files = (
			);
			runOnlyForDeploymentPostprocessing = 0;
		};
		16B13AB822AF993700B21343 /* Frameworks */ = {
			isa = PBXFrameworksBuildPhase;
			buildActionMask = 2147483647;
			files = (
			);
			runOnlyForDeploymentPostprocessing = 0;
		};
		16B13AC322AF993700B21343 /* Frameworks */ = {
			isa = PBXFrameworksBuildPhase;
			buildActionMask = 2147483647;
			files = (
			);
			runOnlyForDeploymentPostprocessing = 0;
		};
/* End PBXFrameworksBuildPhase section */

/* Begin PBXGroup section */
		16B13A9E22AF993600B21343 = {
			isa = PBXGroup;
			children = (
				16B13AA922AF993600B21343 /* MVCDemoApp */,
				16B13ABE22AF993700B21343 /* MVCDemoAppTests */,
				16B13AC922AF993700B21343 /* MVCDemoAppUITests */,
				16B13AA822AF993600B21343 /* Products */,
			);
			sourceTree = "<group>";
		};
		16B13AA822AF993600B21343 /* Products */ = {
			isa = PBXGroup;
			children = (
				16B13AA722AF993600B21343 /* MVCDemoApp.app */,
				16B13ABB22AF993700B21343 /* MVCDemoAppTests.xctest */,
				16B13AC622AF993700B21343 /* MVCDemoAppUITests.xctest */,
			);
			name = Products;
			sourceTree = "<group>";
		};
		16B13AA922AF993600B21343 /* MVCDemoApp */ = {
			isa = PBXGroup;
			children = (
				16B13ADA22AF9E1000B21343 /* Presenter */,
				16B13AD922AF9E0900B21343 /* View */,
				16B13AD822AF9DFB00B21343 /* Model */,
				16B13AAA22AF993600B21343 /* AppDelegate.swift */,
				16B13AAC22AF993600B21343 /* ViewController.swift */,
				16B13AAE22AF993600B21343 /* Main.storyboard */,
				16B13AB122AF993700B21343 /* Assets.xcassets */,
				16B13AB322AF993700B21343 /* LaunchScreen.storyboard */,
				16B13AB622AF993700B21343 /* Info.plist */,
			);
			path = MVCDemoApp;
			sourceTree = "<group>";
		};
		16B13ABE22AF993700B21343 /* MVCDemoAppTests */ = {
			isa = PBXGroup;
			children = (
				16B13ABF22AF993700B21343 /* MVCDemoAppTests.swift */,
				16B13AC122AF993700B21343 /* Info.plist */,
			);
			path = MVCDemoAppTests;
			sourceTree = "<group>";
		};
		16B13AC922AF993700B21343 /* MVCDemoAppUITests */ = {
			isa = PBXGroup;
			children = (
				16B13ACA22AF993700B21343 /* MVCDemoAppUITests.swift */,
				16B13ACC22AF993700B21343 /* Info.plist */,
			);
			path = MVCDemoAppUITests;
			sourceTree = "<group>";
		};
		16B13AD822AF9DFB00B21343 /* Model */ = {
			isa = PBXGroup;
			children = (
				16B13ADB22AF9E2700B21343 /* User.swift */,
			);
			path = Model;
			sourceTree = "<group>";
		};
		16B13AD922AF9E0900B21343 /* View */ = {
			isa = PBXGroup;
			children = (
			);
			path = View;
			sourceTree = "<group>";
		};
		16B13ADA22AF9E1000B21343 /* Presenter */ = {
			isa = PBXGroup;
			children = (
				16B13ADD22AFA05D00B21343 /* VCPresenter.swift */,
			);
			path = Presenter;
			sourceTree = "<group>";
		};
/* End PBXGroup section */

/* Begin PBXNativeTarget section */
		16B13AA622AF993600B21343 /* MVCDemoApp */ = {
			isa = PBXNativeTarget;
			buildConfigurationList = 16B13ACF22AF993700B21343 /* Build configuration list for PBXNativeTarget "MVCDemoApp" */;
			buildPhases = (
				16B13AA322AF993600B21343 /* Sources */,
				16B13AA422AF993600B21343 /* Frameworks */,
				16B13AA522AF993600B21343 /* Resources */,
			);
			buildRules = (
			);
			dependencies = (
			);
			name = MVCDemoApp;
			productName = MVCDemoApp;
			productReference = 16B13AA722AF993600B21343 /* MVCDemoApp.app */;
			productType = "com.apple.product-type.application";
		};
		16B13ABA22AF993700B21343 /* MVCDemoAppTests */ = {
			isa = PBXNativeTarget;
			buildConfigurationList = 16B13AD222AF993700B21343 /* Build configuration list for PBXNativeTarget "MVCDemoAppTests" */;
			buildPhases = (
				16B13AB722AF993700B21343 /* Sources */,
				16B13AB822AF993700B21343 /* Frameworks */,
				16B13AB922AF993700B21343 /* Resources */,
			);
			buildRules = (
			);
			dependencies = (
				16B13ABD22AF993700B21343 /* PBXTargetDependency */,
			);
			name = MVCDemoAppTests;
			productName = MVCDemoAppTests;
			productReference = 16B13ABB22AF993700B21343 /* MVCDemoAppTests.xctest */;
			productType = "com.apple.product-type.bundle.unit-test";
		};
		16B13AC522AF993700B21343 /* MVCDemoAppUITests */ = {
			isa = PBXNativeTarget;
			buildConfigurationList = 16B13AD522AF993700B21343 /* Build configuration list for PBXNativeTarget "MVCDemoAppUITests" */;
			buildPhases = (
				16B13AC222AF993700B21343 /* Sources */,
				16B13AC322AF993700B21343 /* Frameworks */,
				16B13AC422AF993700B21343 /* Resources */,
			);
			buildRules = (
			);
			dependencies = (
				16B13AC822AF993700B21343 /* PBXTargetDependency */,
			);
			name = MVCDemoAppUITests;
			productName = MVCDemoAppUITests;
			productReference = 16B13AC622AF993700B21343 /* MVCDemoAppUITests.xctest */;
			productType = "com.apple.product-type.bundle.ui-testing";
		};
/* End PBXNativeTarget section */

/* Begin PBXProject section */
		16B13A9F22AF993600B21343 /* Project object */ = {
			isa = PBXProject;
			attributes = {
				LastSwiftUpdateCheck = 1020;
				LastUpgradeCheck = 1020;
				ORGANIZATIONNAME = Meenal;
				TargetAttributes = {
					16B13AA622AF993600B21343 = {
						CreatedOnToolsVersion = 10.2.1;
					};
					16B13ABA22AF993700B21343 = {
						CreatedOnToolsVersion = 10.2.1;
						TestTargetID = 16B13AA622AF993600B21343;
					};
					16B13AC522AF993700B21343 = {
						CreatedOnToolsVersion = 10.2.1;
						TestTargetID = 16B13AA622AF993600B21343;
					};
				};
			};
			buildConfigurationList = 16B13AA222AF993600B21343 /* Build configuration list for PBXProject "MVCDemoApp" */;
			compatibilityVersion = "Xcode 9.3";
			developmentRegion = en;
			hasScannedForEncodings = 0;
			knownRegions = (
				en,
				Base,
			);
			mainGroup = 16B13A9E22AF993600B21343;
			productRefGroup = 16B13AA822AF993600B21343 /* Products */;
			projectDirPath = "";
			projectRoot = "";
			targets = (
				16B13AA622AF993600B21343 /* MVCDemoApp */,
				16B13ABA22AF993700B21343 /* MVCDemoAppTests */,
				16B13AC522AF993700B21343 /* MVCDemoAppUITests */,
			);
		};
/* End PBXProject section */

/* Begin PBXResourcesBuildPhase section */
		16B13AA522AF993600B21343 /* Resources */ = {
			isa = PBXResourcesBuildPhase;
			buildActionMask = 2147483647;
			files = (
				16B13AB522AF993700B21343 /* LaunchScreen.storyboard in Resources */,
				16B13AB222AF993700B21343 /* Assets.xcassets in Resources */,
				16B13AB022AF993600B21343 /* Main.storyboard in Resources */,
			);
			runOnlyForDeploymentPostprocessing = 0;
		};
		16B13AB922AF993700B21343 /* Resources */ = {
			isa = PBXResourcesBuildPhase;
			buildActionMask = 2147483647;
			files = (
			);
			runOnlyForDeploymentPostprocessing = 0;
		};
		16B13AC422AF993700B21343 /* Resources */ = {
			isa = PBXResourcesBuildPhase;
			buildActionMask = 2147483647;
			files = (
			);
			runOnlyForDeploymentPostprocessing = 0;
		};
/* End PBXResourcesBuildPhase section */

/* Begin PBXSourcesBuildPhase section */
		16B13AA322AF993600B21343 /* Sources */ = {
			isa = PBXSourcesBuildPhase;
			buildActionMask = 2147483647;
			files = (
				16B13AAD22AF993600B21343 /* ViewController.swift in Sources */,
				16B13ADE22AFA05D00B21343 /* VCPresenter.swift in Sources */,
				16B13AAB22AF993600B21343 /* AppDelegate.swift in Sources */,
				16B13ADC22AF9E2700B21343 /* User.swift in Sources */,
			);
			runOnlyForDeploymentPostprocessing = 0;
		};
		16B13AB722AF993700B21343 /* Sources */ = {
			isa = PBXSourcesBuildPhase;
			buildActionMask = 2147483647;
			files = (
				16B13AC022AF993700B21343 /* MVCDemoAppTests.swift in Sources */,
			);
			runOnlyForDeploymentPostprocessing = 0;
		};
		16B13AC222AF993700B21343 /* Sources */ = {
			isa = PBXSourcesBuildPhase;
			buildActionMask = 2147483647;
			files = (
				16B13ACB22AF993700B21343 /* MVCDemoAppUITests.swift in Sources */,
			);
			runOnlyForDeploymentPostprocessing = 0;
		};
/* End PBXSourcesBuildPhase section */

/* Begin PBXTargetDependency section */
		16B13ABD22AF993700B21343 /* PBXTargetDependency */ = {
			isa = PBXTargetDependency;
			target = 16B13AA622AF993600B21343 /* MVCDemoApp */;
			targetProxy = 16B13ABC22AF993700B21343 /* PBXContainerItemProxy */;
		};
		16B13AC822AF993700B21343 /* PBXTargetDependency */ = {
			isa = PBXTargetDependency;
			target = 16B13AA622AF993600B21343 /* MVCDemoApp */;
			targetProxy = 16B13AC722AF993700B21343 /* PBXContainerItemProxy */;
		};
/* End PBXTargetDependency section */

/* Begin PBXVariantGroup section */
		16B13AAE22AF993600B21343 /* Main.storyboard */ = {
			isa = PBXVariantGroup;
			children = (
				16B13AAF22AF993600B21343 /* Base */,
			);
			name = Main.storyboard;
			sourceTree = "<group>";
		};
		16B13AB322AF993700B21343 /* LaunchScreen.storyboard */ = {
			isa = PBXVariantGroup;
			children = (
				16B13AB422AF993700B21343 /* Base */,
			);
			name = LaunchScreen.storyboard;
			sourceTree = "<group>";
		};
/* End PBXVariantGroup section */

/* Begin XCBuildConfiguration section */
		16B13ACD22AF993700B21343 /* Debug */ = {
			isa = XCBuildConfiguration;
			buildSettings = {
				ALWAYS_SEARCH_USER_PATHS = NO;
				CLANG_ANALYZER_NONNULL = YES;
				CLANG_ANALYZER_NUMBER_OBJECT_CONVERSION = YES_AGGRESSIVE;
				CLANG_CXX_LANGUAGE_STANDARD = "gnu++14";
				CLANG_CXX_LIBRARY = "libc++";
				CLANG_ENABLE_MODULES = YES;
				CLANG_ENABLE_OBJC_ARC = YES;
				CLANG_ENABLE_OBJC_WEAK = YES;
				CLANG_WARN_BLOCK_CAPTURE_AUTORELEASING = YES;
				CLANG_WARN_BOOL_CONVERSION = YES;
				CLANG_WARN_COMMA = YES;
				CLANG_WARN_CONSTANT_CONVERSION = YES;
				CLANG_WARN_DEPRECATED_OBJC_IMPLEMENTATIONS = YES;
				CLANG_WARN_DIRECT_OBJC_ISA_USAGE = YES_ERROR;
				CLANG_WARN_DOCUMENTATION_COMMENTS = YES;
				CLANG_WARN_EMPTY_BODY = YES;
				CLANG_WARN_ENUM_CONVERSION = YES;
				CLANG_WARN_INFINITE_RECURSION = YES;
				CLANG_WARN_INT_CONVERSION = YES;
				CLANG_WARN_NON_LITERAL_NULL_CONVERSION = YES;
				CLANG_WARN_OBJC_IMPLICIT_RETAIN_SELF = YES;
				CLANG_WARN_OBJC_LITERAL_CONVERSION = YES;
				CLANG_WARN_OBJC_ROOT_CLASS = YES_ERROR;
				CLANG_WARN_RANGE_LOOP_ANALYSIS = YES;
				CLANG_WARN_STRICT_PROTOTYPES = YES;
				CLANG_WARN_SUSPICIOUS_MOVE = YES;
				CLANG_WARN_UNGUARDED_AVAILABILITY = YES_AGGRESSIVE;
				CLANG_WARN_UNREACHABLE_CODE = YES;
				CLANG_WARN__DUPLICATE_METHOD_MATCH = YES;
				CODE_SIGN_IDENTITY = "iPhone Developer";
				COPY_PHASE_STRIP = NO;
				DEBUG_INFORMATION_FORMAT = dwarf;
				ENABLE_STRICT_OBJC_MSGSEND = YES;
				ENABLE_TESTABILITY = YES;
				GCC_C_LANGUAGE_STANDARD = gnu11;
				GCC_DYNAMIC_NO_PIC = NO;
				GCC_NO_COMMON_BLOCKS = YES;
				GCC_OPTIMIZATION_LEVEL = 0;
				GCC_PREPROCESSOR_DEFINITIONS = (
					"DEBUG=1",
					"$(inherited)",
				);
				GCC_WARN_64_TO_32_BIT_CONVERSION = YES;
				GCC_WARN_ABOUT_RETURN_TYPE = YES_ERROR;
				GCC_WARN_UNDECLARED_SELECTOR = YES;
				GCC_WARN_UNINITIALIZED_AUTOS = YES_AGGRESSIVE;
				GCC_WARN_UNUSED_FUNCTION = YES;
				GCC_WARN_UNUSED_VARIABLE = YES;
				IPHONEOS_DEPLOYMENT_TARGET = 12.2;
				MTL_ENABLE_DEBUG_INFO = INCLUDE_SOURCE;
				MTL_FAST_MATH = YES;
				ONLY_ACTIVE_ARCH = YES;
				SDKROOT = iphoneos;
				SWIFT_ACTIVE_COMPILATION_CONDITIONS = DEBUG;
				SWIFT_OPTIMIZATION_LEVEL = "-Onone";
			};
			name = Debug;
		};
		16B13ACE22AF993700B21343 /* Release */ = {
			isa = XCBuildConfiguration;
			buildSettings = {
				ALWAYS_SEARCH_USER_PATHS = NO;
				CLANG_ANALYZER_NONNULL = YES;
				CLANG_ANALYZER_NUMBER_OBJECT_CONVERSION = YES_AGGRESSIVE;
				CLANG_CXX_LANGUAGE_STANDARD = "gnu++14";
				CLANG_CXX_LIBRARY = "libc++";
				CLANG_ENABLE_MODULES = YES;
				CLANG_ENABLE_OBJC_ARC = YES;
				CLANG_ENABLE_OBJC_WEAK = YES;
				CLANG_WARN_BLOCK_CAPTURE_AUTORELEASING = YES;
				CLANG_WARN_BOOL_CONVERSION = YES;
				CLANG_WARN_COMMA = YES;
				CLANG_WARN_CONSTANT_CONVERSION = YES;
				CLANG_WARN_DEPRECATED_OBJC_IMPLEMENTATIONS = YES;
				CLANG_WARN_DIRECT_OBJC_ISA_USAGE = YES_ERROR;
				CLANG_WARN_DOCUMENTATION_COMMENTS = YES;
				CLANG_WARN_EMPTY_BODY = YES;
				CLANG_WARN_ENUM_CONVERSION = YES;
				CLANG_WARN_INFINITE_RECURSION = YES;
				CLANG_WARN_INT_CONVERSION = YES;
				CLANG_WARN_NON_LITERAL_NULL_CONVERSION = YES;
				CLANG_WARN_OBJC_IMPLICIT_RETAIN_SELF = YES;
				CLANG_WARN_OBJC_LITERAL_CONVERSION = YES;
				CLANG_WARN_OBJC_ROOT_CLASS = YES_ERROR;
				CLANG_WARN_RANGE_LOOP_ANALYSIS = YES;
				CLANG_WARN_STRICT_PROTOTYPES = YES;
				CLANG_WARN_SUSPICIOUS_MOVE = YES;
				CLANG_WARN_UNGUARDED_AVAILABILITY = YES_AGGRESSIVE;
				CLANG_WARN_UNREACHABLE_CODE = YES;
				CLANG_WARN__DUPLICATE_METHOD_MATCH = YES;
				CODE_SIGN_IDENTITY = "iPhone Developer";
				COPY_PHASE_STRIP = NO;
				DEBUG_INFORMATION_FORMAT = "dwarf-with-dsym";
				ENABLE_NS_ASSERTIONS = NO;
				ENABLE_STRICT_OBJC_MSGSEND = YES;
				GCC_C_LANGUAGE_STANDARD = gnu11;
				GCC_NO_COMMON_BLOCKS = YES;
				GCC_WARN_64_TO_32_BIT_CONVERSION = YES;
				GCC_WARN_ABOUT_RETURN_TYPE = YES_ERROR;
				GCC_WARN_UNDECLARED_SELECTOR = YES;
				GCC_WARN_UNINITIALIZED_AUTOS = YES_AGGRESSIVE;
				GCC_WARN_UNUSED_FUNCTION = YES;
				GCC_WARN_UNUSED_VARIABLE = YES;
				IPHONEOS_DEPLOYMENT_TARGET = 12.2;
				MTL_ENABLE_DEBUG_INFO = NO;
				MTL_FAST_MATH = YES;
				SDKROOT = iphoneos;
				SWIFT_COMPILATION_MODE = wholemodule;
				SWIFT_OPTIMIZATION_LEVEL = "-O";
				VALIDATE_PRODUCT = YES;
			};
			name = Release;
		};
		16B13AD022AF993700B21343 /* Debug */ = {
			isa = XCBuildConfiguration;
			buildSettings = {
				ASSETCATALOG_COMPILER_APPICON_NAME = AppIcon;
				CODE_SIGN_STYLE = Automatic;
				DEVELOPMENT_TEAM = N2F5MW64QA;
				INFOPLIST_FILE = MVCDemoApp/Info.plist;
				LD_RUNPATH_SEARCH_PATHS = (
					"$(inherited)",
					"@executable_path/Frameworks",
				);
				PRODUCT_BUNDLE_IDENTIFIER = Happykrafts.MVCDemoApp;
				PRODUCT_NAME = "$(TARGET_NAME)";
				SWIFT_VERSION = 5.0;
				TARGETED_DEVICE_FAMILY = "1,2";
			};
			name = Debug;
		};
		16B13AD122AF993700B21343 /* Release */ = {
			isa = XCBuildConfiguration;
			buildSettings = {
				ASSETCATALOG_COMPILER_APPICON_NAME = AppIcon;
				CODE_SIGN_STYLE = Automatic;
				DEVELOPMENT_TEAM = N2F5MW64QA;
				INFOPLIST_FILE = MVCDemoApp/Info.plist;
				LD_RUNPATH_SEARCH_PATHS = (
					"$(inherited)",
					"@executable_path/Frameworks",
				);
				PRODUCT_BUNDLE_IDENTIFIER = Happykrafts.MVCDemoApp;
				PRODUCT_NAME = "$(TARGET_NAME)";
				SWIFT_VERSION = 5.0;
				TARGETED_DEVICE_FAMILY = "1,2";
			};
			name = Release;
		};
		16B13AD322AF993700B21343 /* Debug */ = {
			isa = XCBuildConfiguration;
			buildSettings = {
				ALWAYS_EMBED_SWIFT_STANDARD_LIBRARIES = YES;
				BUNDLE_LOADER = "$(TEST_HOST)";
				CODE_SIGN_STYLE = Automatic;
				INFOPLIST_FILE = MVCDemoAppTests/Info.plist;
				LD_RUNPATH_SEARCH_PATHS = (
					"$(inherited)",
					"@executable_path/Frameworks",
					"@loader_path/Frameworks",
				);
				PRODUCT_BUNDLE_IDENTIFIER = Happykrafts.MVCDemoAppTests;
				PRODUCT_NAME = "$(TARGET_NAME)";
				SWIFT_VERSION = 5.0;
				TARGETED_DEVICE_FAMILY = "1,2";
				TEST_HOST = "$(BUILT_PRODUCTS_DIR)/MVCDemoApp.app/MVCDemoApp";
			};
			name = Debug;
		};
		16B13AD422AF993700B21343 /* Release */ = {
			isa = XCBuildConfiguration;
			buildSettings = {
				ALWAYS_EMBED_SWIFT_STANDARD_LIBRARIES = YES;
				BUNDLE_LOADER = "$(TEST_HOST)";
				CODE_SIGN_STYLE = Automatic;
				INFOPLIST_FILE = MVCDemoAppTests/Info.plist;
				LD_RUNPATH_SEARCH_PATHS = (
					"$(inherited)",
					"@executable_path/Frameworks",
					"@loader_path/Frameworks",
				);
				PRODUCT_BUNDLE_IDENTIFIER = Happykrafts.MVCDemoAppTests;
				PRODUCT_NAME = "$(TARGET_NAME)";
				SWIFT_VERSION = 5.0;
				TARGETED_DEVICE_FAMILY = "1,2";
				TEST_HOST = "$(BUILT_PRODUCTS_DIR)/MVCDemoApp.app/MVCDemoApp";
			};
			name = Release;
		};
		16B13AD622AF993700B21343 /* Debug */ = {
			isa = XCBuildConfiguration;
			buildSettings = {
				ALWAYS_EMBED_SWIFT_STANDARD_LIBRARIES = YES;
				CODE_SIGN_STYLE = Automatic;
				INFOPLIST_FILE = MVCDemoAppUITests/Info.plist;
				LD_RUNPATH_SEARCH_PATHS = (
					"$(inherited)",
					"@executable_path/Frameworks",
					"@loader_path/Frameworks",
				);
				PRODUCT_BUNDLE_IDENTIFIER = Happykrafts.MVCDemoAppUITests;
				PRODUCT_NAME = "$(TARGET_NAME)";
				SWIFT_VERSION = 5.0;
				TARGETED_DEVICE_FAMILY = "1,2";
				TEST_TARGET_NAME = MVCDemoApp;
			};
			name = Debug;
		};
		16B13AD722AF993700B21343 /* Release */ = {
			isa = XCBuildConfiguration;
			buildSettings = {
				ALWAYS_EMBED_SWIFT_STANDARD_LIBRARIES = YES;
				CODE_SIGN_STYLE = Automatic;
				INFOPLIST_FILE = MVCDemoAppUITests/Info.plist;
				LD_RUNPATH_SEARCH_PATHS = (
					"$(inherited)",
					"@executable_path/Frameworks",
					"@loader_path/Frameworks",
				);
				PRODUCT_BUNDLE_IDENTIFIER = Happykrafts.MVCDemoAppUITests;
				PRODUCT_NAME = "$(TARGET_NAME)";
				SWIFT_VERSION = 5.0;
				TARGETED_DEVICE_FAMILY = "1,2";
				TEST_TARGET_NAME = MVCDemoApp;
			};
			name = Release;
		};
/* End XCBuildConfiguration section */

/* Begin XCConfigurationList section */
		16B13AA222AF993600B21343 /* Build configuration list for PBXProject "MVCDemoApp" */ = {
			isa = XCConfigurationList;
			buildConfigurations = (
				16B13ACD22AF993700B21343 /* Debug */,
				16B13ACE22AF993700B21343 /* Release */,
			);
			defaultConfigurationIsVisible = 0;
			defaultConfigurationName = Release;
		};
		16B13ACF22AF993700B21343 /* Build configuration list for PBXNativeTarget "MVCDemoApp" */ = {
			isa = XCConfigurationList;
			buildConfigurations = (
				16B13AD022AF993700B21343 /* Debug */,
				16B13AD122AF993700B21343 /* Release */,
			);
			defaultConfigurationIsVisible = 0;
			defaultConfigurationName = Release;
		};
		16B13AD222AF993700B21343 /* Build configuration list for PBXNativeTarget "MVCDemoAppTests" */ = {
			isa = XCConfigurationList;
			buildConfigurations = (
				16B13AD322AF993700B21343 /* Debug */,
				16B13AD422AF993700B21343 /* Release */,
			);
			defaultConfigurationIsVisible = 0;
			defaultConfigurationName = Release;
		};
		16B13AD522AF993700B21343 /* Build configuration list for PBXNativeTarget "MVCDemoAppUITests" */ = {
			isa = XCConfigurationList;
			buildConfigurations = (
				16B13AD622AF993700B21343 /* Debug */,
				16B13AD722AF993700B21343 /* Release */,
			);
			defaultConfigurationIsVisible = 0;
			defaultConfigurationName = Release;
		};
/* End XCConfigurationList section */
	};
	rootObject = 16B13A9F22AF993600B21343 /* Project object */;
}
